
Microsoft Visual Studio Solution File, Format Version 12.00
# Visual Studio Version 17
VisualStudioVersion = 17.10.35122.118
MinimumVisualStudioVersion = 10.0.40219.1
Project("{FAE04EC0-301F-11D3-BF4B-00C04F79EFBC}") = "Errores", "Errores\Errores.csproj", "{AF12F513-2B49-4379-BE49-31C38D545588}"
EndProject
Global
	GlobalSection(SolutionConfigurationPlatforms) = preSolution
		Debug|Any CPU = Debug|Any CPU
		Release|Any CPU = Release|Any CPU
	EndGlobalSection
	GlobalSection(ProjectConfigurationPlatforms) = postSolution
		{AF12F513-2B49-4379-BE49-31C38D545588}.Debug|Any CPU.ActiveCfg = Debug|Any CPU
		{AF12F513-2B49-4379-BE49-31C38D545588}.Debug|Any CPU.Build.0 = Debug|Any CPU
		{AF12F513-2B49-4379-BE49-31C38D545588}.Release|Any CPU.ActiveCfg = Release|Any CPU
		{AF12F513-2B49-4379-BE49-31C38D545588}.Release|Any CPU.Build.0 = Release|Any CPU
	EndGlobalSection
	GlobalSection(SolutionProperties) = preSolution
		HideSolutionNode = FALSE
	EndGlobalSection
	GlobalSection(ExtensibilityGlobals) = postSolution
		SolutionGuid = {D64E837B-FA4D-4279-B70B-8E54ADD8D0B0}
	EndGlobalSection
EndGlobal
