
Microsoft Visual Studio Solution File, Format Version 12.00
# Visual Studio Version 17
VisualStudioVersion = 17.10.35122.118
MinimumVisualStudioVersion = 10.0.40219.1
Project("{FAE04EC0-301F-11D3-BF4B-00C04F79EFBC}") = "EjemploClase", "EjemploClase\EjemploClase.csproj", "{47F294B3-D794-4E50-A881-C050A1AF6EE2}"
EndProject
Global
	GlobalSection(SolutionConfigurationPlatforms) = preSolution
		Debug|Any CPU = Debug|Any CPU
		Release|Any CPU = Release|Any CPU
	EndGlobalSection
	GlobalSection(ProjectConfigurationPlatforms) = postSolution
		{47F294B3-D794-4E50-A881-C050A1AF6EE2}.Debug|Any CPU.ActiveCfg = Debug|Any CPU
		{47F294B3-D794-4E50-A881-C050A1AF6EE2}.Debug|Any CPU.Build.0 = Debug|Any CPU
		{47F294B3-D794-4E50-A881-C050A1AF6EE2}.Release|Any CPU.ActiveCfg = Release|Any CPU
		{47F294B3-D794-4E50-A881-C050A1AF6EE2}.Release|Any CPU.Build.0 = Release|Any CPU
	EndGlobalSection
	GlobalSection(SolutionProperties) = preSolution
		HideSolutionNode = FALSE
	EndGlobalSection
	GlobalSection(ExtensibilityGlobals) = postSolution
		SolutionGuid = {79073061-E8F8-41BE-94E2-DD3FF5ED7FE3}
	EndGlobalSection
EndGlobal
